
Microsoft Visual Studio Solution File, Format Version 12.00
# Visual Studio Version 17
VisualStudioVersion = 17.4.33110.190
MinimumVisualStudioVersion = 10.0.40219.1
Project("{FAE04EC0-301F-11D3-BF4B-00C04F79EFBC}") = "TaskBot", "TaskBot.csproj", "{D1B6E639-6422-4571-9497-F7A3FEFE96E2}"
EndProject
Global
	GlobalSection(SolutionConfigurationPlatforms) = preSolution
		Debug|Any CPU = Debug|Any CPU
		Release|Any CPU = Release|Any CPU
	EndGlobalSection
	GlobalSection(ProjectConfigurationPlatforms) = postSolution
		{D1B6E639-6422-4571-9497-F7A3FEFE96E2}.Debug|Any CPU.ActiveCfg = Debug|Any CPU
		{D1B6E639-6422-4571-9497-F7A3FEFE96E2}.Debug|Any CPU.Build.0 = Debug|Any CPU
		{D1B6E639-6422-4571-9497-F7A3FEFE96E2}.Release|Any CPU.ActiveCfg = Release|Any CPU
		{D1B6E639-6422-4571-9497-F7A3FEFE96E2}.Release|Any CPU.Build.0 = Release|Any CPU
	EndGlobalSection
	GlobalSection(SolutionProperties) = preSolution
		HideSolutionNode = FALSE
	EndGlobalSection
	GlobalSection(ExtensibilityGlobals) = postSolution
		SolutionGuid = {5FDB30A8-A553-485D-AA85-14F4BD7CB81B}
	EndGlobalSection
EndGlobal
